{
  "name": "WEB_D_project",
  "lockfileVersion": 3,
  "requires": true,
  "packages": {
    "": {
      "dependencies": {
        "chrome-types": "^0.1.180",
        "jquery": "^3.6.4"
      }
    },
    "node_modules/chrome-types": {
      "version": "0.1.180",
      "resolved": "https://registry.npmjs.org/chrome-types/-/chrome-types-0.1.180.tgz",
      "integrity": "sha512-4L8C5D+N0ZBrN5LfY0bKY8vPZflP/p4nmpSmW9OSHjYtNN9hw1ZlcsluZBpdnttRJgt5NymYWOSGUB09cCUMIw=="
    },
    "node_modules/jquery": {
      "version": "3.6.4",
      "resolved": "https://registry.npmjs.org/jquery/-/jquery-3.6.4.tgz",
      "integrity": "sha512-v28EW9DWDFpzcD9O5iyJXg3R3+q+mET5JhnjJzQUZMHOv67bpSIHq81GEYpPNZHG+XXHsfSme3nxp/hndKEcsQ=="
    }
  }
}
